// !$*UTF8*$!
{
	archiveVersion = 1;
	classes = {
	};
	objectVersion = 46;
	objects = {

/* Begin PBXBuildFile section */
		471585F51EE4172100B158D0 /* main.swift in Sources */ = {isa = PBXBuildFile; fileRef = 471585F41EE4172100B158D0 /* main.swift */; };
		471585FC1EE4174400B158D0 /* DancingLinks.swift in Sources */ = {isa = PBXBuildFile; fileRef = 471585FB1EE4174400B158D0 /* DancingLinks.swift */; };
		47B1DB611EE6B89A005BB993 /* Dance.swift in Sources */ = {isa = PBXBuildFile; fileRef = 47B1DB601EE6B89A005BB993 /* Dance.swift */; };
/* End PBXBuildFile section */

/* Begin PBXCopyFilesBuildPhase section */
		471585EF1EE4172000B158D0 /* CopyFiles */ = {
			isa = PBXCopyFilesBuildPhase;
			buildActionMask = 2147483647;
			dstPath = /usr/share/man/man1/;
			dstSubfolderSpec = 0;
			files = (
			);
			runOnlyForDeploymentPostprocessing = 1;
		};
/* End PBXCopyFilesBuildPhase section */

/* Begin PBXFileReference section */
		471585F11EE4172100B158D0 /* Dancing Links */ = {isa = PBXFileReference; explicitFileType = "compiled.mach-o.executable"; includeInIndex = 0; path = "Dancing Links"; sourceTree = BUILT_PRODUCTS_DIR; };
		471585F41EE4172100B158D0 /* main.swift */ = {isa = PBXFileReference; lastKnownFileType = sourcecode.swift; path = main.swift; sourceTree = "<group>"; };
		471585FB1EE4174400B158D0 /* DancingLinks.swift */ = {isa = PBXFileReference; fileEncoding = 4; lastKnownFileType = sourcecode.swift; path = DancingLinks.swift; sourceTree = "<group>"; };
		471585FD1EE41D9100B158D0 /* Algorithm.rtf */ = {isa = PBXFileReference; fileEncoding = 4; lastKnownFileType = text.rtf; path = Algorithm.rtf; sourceTree = "<group>"; };
		47B1DB5F1EE56E2A005BB993 /* Algirithm2.rtf */ = {isa = PBXFileReference; fileEncoding = 4; lastKnownFileType = text.rtf; path = Algirithm2.rtf; sourceTree = "<group>"; };
		47B1DB601EE6B89A005BB993 /* Dance.swift */ = {isa = PBXFileReference; fileEncoding = 4; lastKnownFileType = sourcecode.swift; path = Dance.swift; sourceTree = "<group>"; };
/* End PBXFileReference section */

/* Begin PBXFrameworksBuildPhase section */
		471585EE1EE4172000B158D0 /* Frameworks */ = {
			isa = PBXFrameworksBuildPhase;
			buildActionMask = 2147483647;
			files = (
			);
			runOnlyForDeploymentPostprocessing = 0;
		};
/* End PBXFrameworksBuildPhase section */

/* Begin PBXGroup section */
		471585E81EE4172000B158D0 = {
			isa = PBXGroup;
			children = (
				471585F31EE4172100B158D0 /* Dancing Links */,
				471585F21EE4172100B158D0 /* Products */,
			);
			sourceTree = "<group>";
		};
		471585F21EE4172100B158D0 /* Products */ = {
			isa = PBXGroup;
			children = (
				471585F11EE4172100B158D0 /* Dancing Links */,
			);
			name = Products;
			sourceTree = "<group>";
		};
		471585F31EE4172100B158D0 /* Dancing Links */ = {
			isa = PBXGroup;
			children = (
				471585F41EE4172100B158D0 /* main.swift */,
				471585FB1EE4174400B158D0 /* DancingLinks.swift */,
				471585FD1EE41D9100B158D0 /* Algorithm.rtf */,
				47B1DB5F1EE56E2A005BB993 /* Algirithm2.rtf */,
				47B1DB601EE6B89A005BB993 /* Dance.swift */,
			);
			path = "Dancing Links";
			sourceTree = "<group>";
		};
/* End PBXGroup section */

/* Begin PBXNativeTarget section */
		471585F01EE4172000B158D0 /* Dancing Links */ = {
			isa = PBXNativeTarget;
			buildConfigurationList = 471585F81EE4172100B158D0 /* Build configuration list for PBXNativeTarget "Dancing Links" */;
			buildPhases = (
				471585ED1EE4172000B158D0 /* Sources */,
				471585EE1EE4172000B158D0 /* Frameworks */,
				471585EF1EE4172000B158D0 /* CopyFiles */,
			);
			buildRules = (
			);
			dependencies = (
			);
			name = "Dancing Links";
			productName = "Dancing Links";
			productReference = 471585F11EE4172100B158D0 /* Dancing Links */;
			productType = "com.apple.product-type.tool";
		};
/* End PBXNativeTarget section */

/* Begin PBXProject section */
		471585E91EE4172000B158D0 /* Project object */ = {
			isa = PBXProject;
			attributes = {
				LastSwiftUpdateCheck = 0820;
				LastUpgradeCheck = 0820;
				ORGANIZATIONNAME = "Computer Inspirations";
				TargetAttributes = {
					471585F01EE4172000B158D0 = {
						CreatedOnToolsVersion = 8.2.1;
						DevelopmentTeam = 6389FT2N69;
						ProvisioningStyle = Automatic;
					};
				};
			};
			buildConfigurationList = 471585EC1EE4172000B158D0 /* Build configuration list for PBXProject "Dancing Links" */;
			compatibilityVersion = "Xcode 3.2";
			developmentRegion = English;
			hasScannedForEncodings = 0;
			knownRegions = (
				en,
			);
			mainGroup = 471585E81EE4172000B158D0;
			productRefGroup = 471585F21EE4172100B158D0 /* Products */;
			projectDirPath = "";
			projectRoot = "";
			targets = (
				471585F01EE4172000B158D0 /* Dancing Links */,
			);
		};
/* End PBXProject section */

/* Begin PBXSourcesBuildPhase section */
		471585ED1EE4172000B158D0 /* Sources */ = {
			isa = PBXSourcesBuildPhase;
			buildActionMask = 2147483647;
			files = (
				471585FC1EE4174400B158D0 /* DancingLinks.swift in Sources */,
				471585F51EE4172100B158D0 /* main.swift in Sources */,
				47B1DB611EE6B89A005BB993 /* Dance.swift in Sources */,
			);
			runOnlyForDeploymentPostprocessing = 0;
		};
/* End PBXSourcesBuildPhase section */

/* Begin XCBuildConfiguration section */
		471585F61EE4172100B158D0 /* Debug */ = {
			isa = XCBuildConfiguration;
			buildSettings = {
				ALWAYS_SEARCH_USER_PATHS = NO;
				CLANG_ANALYZER_NONNULL = YES;
				CLANG_CXX_LANGUAGE_STANDARD = "gnu++0x";
				CLANG_CXX_LIBRARY = "libc++";
				CLANG_ENABLE_MODULES = YES;
				CLANG_ENABLE_OBJC_ARC = YES;
				CLANG_WARN_BOOL_CONVERSION = YES;
				CLANG_WARN_CONSTANT_CONVERSION = YES;
				CLANG_WARN_DIRECT_OBJC_ISA_USAGE = YES_ERROR;
				CLANG_WARN_DOCUMENTATION_COMMENTS = YES;
				CLANG_WARN_EMPTY_BODY = YES;
				CLANG_WARN_ENUM_CONVERSION = YES;
				CLANG_WARN_INFINITE_RECURSION = YES;
				CLANG_WARN_INT_CONVERSION = YES;
				CLANG_WARN_OBJC_ROOT_CLASS = YES_ERROR;
				CLANG_WARN_SUSPICIOUS_MOVE = YES;
				CLANG_WARN_UNREACHABLE_CODE = YES;
				CLANG_WARN__DUPLICATE_METHOD_MATCH = YES;
				CODE_SIGN_IDENTITY = "-";
				COPY_PHASE_STRIP = NO;
				DEBUG_INFORMATION_FORMAT = dwarf;
				ENABLE_STRICT_OBJC_MSGSEND = YES;
				ENABLE_TESTABILITY = YES;
				GCC_C_LANGUAGE_STANDARD = gnu99;
				GCC_DYNAMIC_NO_PIC = NO;
				GCC_NO_COMMON_BLOCKS = YES;
				GCC_OPTIMIZATION_LEVEL = 0;
				GCC_PREPROCESSOR_DEFINITIONS = (
					"DEBUG=1",
					"$(inherited)",
				);
				GCC_WARN_64_TO_32_BIT_CONVERSION = YES;
				GCC_WARN_ABOUT_RETURN_TYPE = YES_ERROR;
				GCC_WARN_UNDECLARED_SELECTOR = YES;
				GCC_WARN_UNINITIALIZED_AUTOS = YES_AGGRESSIVE;
				GCC_WARN_UNUSED_FUNCTION = YES;
				GCC_WARN_UNUSED_VARIABLE = YES;
				MACOSX_DEPLOYMENT_TARGET = 10.11;
				MTL_ENABLE_DEBUG_INFO = YES;
				ONLY_ACTIVE_ARCH = YES;
				SDKROOT = macosx;
				SWIFT_OPTIMIZATION_LEVEL = "-Onone";
			};
			name = Debug;
		};
		471585F71EE4172100B158D0 /* Release */ = {
			isa = XCBuildConfiguration;
			buildSettings = {
				ALWAYS_SEARCH_USER_PATHS = NO;
				CLANG_ANALYZER_NONNULL = YES;
				CLANG_CXX_LANGUAGE_STANDARD = "gnu++0x";
				CLANG_CXX_LIBRARY = "libc++";
				CLANG_ENABLE_MODULES = YES;
				CLANG_ENABLE_OBJC_ARC = YES;
				CLANG_WARN_BOOL_CONVERSION = YES;
				CLANG_WARN_CONSTANT_CONVERSION = YES;
				CLANG_WARN_DIRECT_OBJC_ISA_USAGE = YES_ERROR;
				CLANG_WARN_DOCUMENTATION_COMMENTS = YES;
				CLANG_WARN_EMPTY_BODY = YES;
				CLANG_WARN_ENUM_CONVERSION = YES;
				CLANG_WARN_INFINITE_RECURSION = YES;
				CLANG_WARN_INT_CONVERSION = YES;
				CLANG_WARN_OBJC_ROOT_CLASS = YES_ERROR;
				CLANG_WARN_SUSPICIOUS_MOVE = YES;
				CLANG_WARN_UNREACHABLE_CODE = YES;
				CLANG_WARN__DUPLICATE_METHOD_MATCH = YES;
				CODE_SIGN_IDENTITY = "-";
				COPY_PHASE_STRIP = NO;
				DEBUG_INFORMATION_FORMAT = "dwarf-with-dsym";
				ENABLE_NS_ASSERTIONS = NO;
				ENABLE_STRICT_OBJC_MSGSEND = YES;
				GCC_C_LANGUAGE_STANDARD = gnu99;
				GCC_NO_COMMON_BLOCKS = YES;
				GCC_WARN_64_TO_32_BIT_CONVERSION = YES;
				GCC_WARN_ABOUT_RETURN_TYPE = YES_ERROR;
				GCC_WARN_UNDECLARED_SELECTOR = YES;
				GCC_WARN_UNINITIALIZED_AUTOS = YES_AGGRESSIVE;
				GCC_WARN_UNUSED_FUNCTION = YES;
				GCC_WARN_UNUSED_VARIABLE = YES;
				MACOSX_DEPLOYMENT_TARGET = 10.11;
				MTL_ENABLE_DEBUG_INFO = NO;
				SDKROOT = macosx;
			};
			name = Release;
		};
		471585F91EE4172100B158D0 /* Debug */ = {
			isa = XCBuildConfiguration;
			buildSettings = {
				DEVELOPMENT_TEAM = 6389FT2N69;
				PRODUCT_NAME = "$(TARGET_NAME)";
				SWIFT_VERSION = 3.0;
			};
			name = Debug;
		};
		471585FA1EE4172100B158D0 /* Release */ = {
			isa = XCBuildConfiguration;
			buildSettings = {
				DEVELOPMENT_TEAM = 6389FT2N69;
				PRODUCT_NAME = "$(TARGET_NAME)";
				SWIFT_VERSION = 3.0;
			};
			name = Release;
		};
/* End XCBuildConfiguration section */

/* Begin XCConfigurationList section */
		471585EC1EE4172000B158D0 /* Build configuration list for PBXProject "Dancing Links" */ = {
			isa = XCConfigurationList;
			buildConfigurations = (
				471585F61EE4172100B158D0 /* Debug */,
				471585F71EE4172100B158D0 /* Release */,
			);
			defaultConfigurationIsVisible = 0;
			defaultConfigurationName = Release;
		};
		471585F81EE4172100B158D0 /* Build configuration list for PBXNativeTarget "Dancing Links" */ = {
			isa = XCConfigurationList;
			buildConfigurations = (
				471585F91EE4172100B158D0 /* Debug */,
				471585FA1EE4172100B158D0 /* Release */,
			);
			defaultConfigurationIsVisible = 0;
			defaultConfigurationName = Release;
		};
/* End XCConfigurationList section */
	};
	rootObject = 471585E91EE4172000B158D0 /* Project object */;
}
